
Microsoft Visual Studio Solution File, Format Version 12.00
# Visual Studio 15
VisualStudioVersion = 15.0.27428.2011
MinimumVisualStudioVersion = 10.0.40219.1
Project("{FAE04EC0-301F-11D3-BF4B-00C04F79EFBC}") = "Entanglement", "Entanglement\Entanglement.csproj", "{3E4E31D2-3B7A-4B91-B35E-72E6DF72E759}"
EndProject
Global
	GlobalSection(SolutionConfigurationPlatforms) = preSolution
		Debug|Any CPU = Debug|Any CPU
		Release|Any CPU = Release|Any CPU
	EndGlobalSection
	GlobalSection(ProjectConfigurationPlatforms) = postSolution
		{3E4E31D2-3B7A-4B91-B35E-72E6DF72E759}.Debug|Any CPU.ActiveCfg = Debug|Any CPU
		{3E4E31D2-3B7A-4B91-B35E-72E6DF72E759}.Debug|Any CPU.Build.0 = Debug|Any CPU
		{3E4E31D2-3B7A-4B91-B35E-72E6DF72E759}.Release|Any CPU.ActiveCfg = Release|Any CPU
		{3E4E31D2-3B7A-4B91-B35E-72E6DF72E759}.Release|Any CPU.Build.0 = Release|Any CPU
	EndGlobalSection
	GlobalSection(SolutionProperties) = preSolution
		HideSolutionNode = FALSE
	EndGlobalSection
	GlobalSection(ExtensibilityGlobals) = postSolution
		SolutionGuid = {35ABC0C1-53E6-4C61-AB57-0A834E32E2C9}
	EndGlobalSection
EndGlobal
