
Microsoft Visual Studio Solution File, Format Version 12.00
# Visual Studio 15
VisualStudioVersion = 15.0.27703.2000
MinimumVisualStudioVersion = 10.0.40219.1
Project("{9A19103F-16F7-4668-BE54-9A1E7A4F7556}") = "Hadamard", "Hadamard\Hadamard.csproj", "{D211FAC4-9046-4438-A5C3-B1E221493075}"
EndProject
Global
	GlobalSection(SolutionConfigurationPlatforms) = preSolution
		Debug|Any CPU = Debug|Any CPU
		Release|Any CPU = Release|Any CPU
	EndGlobalSection
	GlobalSection(ProjectConfigurationPlatforms) = postSolution
		{D211FAC4-9046-4438-A5C3-B1E221493075}.Debug|Any CPU.ActiveCfg = Debug|Any CPU
		{D211FAC4-9046-4438-A5C3-B1E221493075}.Debug|Any CPU.Build.0 = Debug|Any CPU
		{D211FAC4-9046-4438-A5C3-B1E221493075}.Release|Any CPU.ActiveCfg = Release|Any CPU
		{D211FAC4-9046-4438-A5C3-B1E221493075}.Release|Any CPU.Build.0 = Release|Any CPU
	EndGlobalSection
	GlobalSection(SolutionProperties) = preSolution
		HideSolutionNode = FALSE
	EndGlobalSection
	GlobalSection(ExtensibilityGlobals) = postSolution
		SolutionGuid = {6BE19A4D-523B-4F92-8184-09F0F1963F2E}
	EndGlobalSection
EndGlobal
