
Microsoft Visual Studio Solution File, Format Version 12.00
# Visual Studio 15
VisualStudioVersion = 15.0.27130.2020
MinimumVisualStudioVersion = 10.0.40219.1
Project("{FAE04EC0-301F-11D3-BF4B-00C04F79EFBC}") = "Teleport", "Teleport\Teleport.csproj", "{B3054F6D-35A4-4103-A87B-7C300C67A428}"
EndProject
Global
	GlobalSection(SolutionConfigurationPlatforms) = preSolution
		Debug|Any CPU = Debug|Any CPU
		Release|Any CPU = Release|Any CPU
	EndGlobalSection
	GlobalSection(ProjectConfigurationPlatforms) = postSolution
		{B3054F6D-35A4-4103-A87B-7C300C67A428}.Debug|Any CPU.ActiveCfg = Debug|Any CPU
		{B3054F6D-35A4-4103-A87B-7C300C67A428}.Debug|Any CPU.Build.0 = Debug|Any CPU
		{B3054F6D-35A4-4103-A87B-7C300C67A428}.Release|Any CPU.ActiveCfg = Release|Any CPU
		{B3054F6D-35A4-4103-A87B-7C300C67A428}.Release|Any CPU.Build.0 = Release|Any CPU
	EndGlobalSection
	GlobalSection(SolutionProperties) = preSolution
		HideSolutionNode = FALSE
	EndGlobalSection
	GlobalSection(ExtensibilityGlobals) = postSolution
		SolutionGuid = {0E56C282-E30A-4318-BAEC-F66E97C7B0CE}
	EndGlobalSection
EndGlobal
